<?xml version="1.0" encoding="utf-8"?>
<Project ToolsVersion="4.0" xmlns="http://schemas.microsoft.com/developer/msbuild/2003">
  <ItemGroup>
    <ClCompile Include="main.cpp" />
    <ClCompile Include="Simulation.cpp" />
    <ClCompile Include="World.cpp" />
    <ClCompile Include="Boid.cpp" />
    <ClCompile Include="widgets\WidgetSlider.cpp">
      <Filter>widgets</Filter>
    </ClCompile>
    <ClCompile Include="Obstacle.cpp" />
  </ItemGroup>
  <ItemGroup>
    <ClInclude Include="Simulation.h" />
    <ClInclude Include="World.h" />
    <ClInclude Include="Entity.h" />
    <ClInclude Include="Boid.h" />
    <ClInclude Include="rf\Random.hpp">
      <Filter>rf</Filter>
    </ClInclude>
    <ClInclude Include="rf\VectorMaths.hpp">
      <Filter>rf</Filter>
    </ClInclude>
    <ClInclude Include="widgets\InterfaceAppearanceConstants.h">
      <Filter>widgets</Filter>
    </ClInclude>
    <ClInclude Include="widgets\WidgetSlider.h">
      <Filter>widgets</Filter>
    </ClInclude>
    <ClInclude Include="Obstacle.h" />
  </ItemGroup>
  <ItemGroup>
    <Filter Include="rf">
      <UniqueIdentifier>{fa5488e8-13d3-4562-bffa-ae6b14eeada0}</UniqueIdentifier>
    </Filter>
    <Filter Include="widgets">
      <UniqueIdentifier>{d91522c7-6186-4e31-8417-27b2658a2478}</UniqueIdentifier>
    </Filter>
  </ItemGroup>
</Project>